
Microsoft Visual Studio Solution File, Format Version 12.00
# Visual Studio Version 17
VisualStudioVersion = 17.2.32516.85
MinimumVisualStudioVersion = 10.0.40219.1
Project("{FAE04EC0-301F-11D3-BF4B-00C04F79EFBC}") = "Notes.API", "Notes.API\Notes.API.csproj", "{9A89101A-7ACA-4C1F-827A-9DC447D12408}"
EndProject
Global
	GlobalSection(SolutionConfigurationPlatforms) = preSolution
		Debug|Any CPU = Debug|Any CPU
		Release|Any CPU = Release|Any CPU
	EndGlobalSection
	GlobalSection(ProjectConfigurationPlatforms) = postSolution
		{9A89101A-7ACA-4C1F-827A-9DC447D12408}.Debug|Any CPU.ActiveCfg = Debug|Any CPU
		{9A89101A-7ACA-4C1F-827A-9DC447D12408}.Debug|Any CPU.Build.0 = Debug|Any CPU
		{9A89101A-7ACA-4C1F-827A-9DC447D12408}.Release|Any CPU.ActiveCfg = Release|Any CPU
		{9A89101A-7ACA-4C1F-827A-9DC447D12408}.Release|Any CPU.Build.0 = Release|Any CPU
	EndGlobalSection
	GlobalSection(SolutionProperties) = preSolution
		HideSolutionNode = FALSE
	EndGlobalSection
	GlobalSection(ExtensibilityGlobals) = postSolution
		SolutionGuid = {204CE9D9-460F-4A74-B944-7CD888CA9F0D}
	EndGlobalSection
EndGlobal
